
Microsoft Visual Studio Solution File, Format Version 12.00
# Visual Studio Version 17
VisualStudioVersion = 17.3.32922.545
MinimumVisualStudioVersion = 10.0.40219.1
Project("{FAE04EC0-301F-11D3-BF4B-00C04F79EFBC}") = "UpSchool_SignalR_Api", "UpSchool_SignalR_Api\UpSchool_SignalR_Api.csproj", "{E5421B99-BA8F-45A4-A09B-46626542A64A}"
EndProject
Project("{FAE04EC0-301F-11D3-BF4B-00C04F79EFBC}") = "UpSchool_SignalR_Client", "UpSchool_SignalR_Client\UpSchool_SignalR_Client.csproj", "{D950ADA0-AE71-4312-A8BE-46B3E2587664}"
EndProject
Global
	GlobalSection(SolutionConfigurationPlatforms) = preSolution
		Debug|Any CPU = Debug|Any CPU
		Release|Any CPU = Release|Any CPU
	EndGlobalSection
	GlobalSection(ProjectConfigurationPlatforms) = postSolution
		{E5421B99-BA8F-45A4-A09B-46626542A64A}.Debug|Any CPU.ActiveCfg = Debug|Any CPU
		{E5421B99-BA8F-45A4-A09B-46626542A64A}.Debug|Any CPU.Build.0 = Debug|Any CPU
		{E5421B99-BA8F-45A4-A09B-46626542A64A}.Release|Any CPU.ActiveCfg = Release|Any CPU
		{E5421B99-BA8F-45A4-A09B-46626542A64A}.Release|Any CPU.Build.0 = Release|Any CPU
		{D950ADA0-AE71-4312-A8BE-46B3E2587664}.Debug|Any CPU.ActiveCfg = Debug|Any CPU
		{D950ADA0-AE71-4312-A8BE-46B3E2587664}.Debug|Any CPU.Build.0 = Debug|Any CPU
		{D950ADA0-AE71-4312-A8BE-46B3E2587664}.Release|Any CPU.ActiveCfg = Release|Any CPU
		{D950ADA0-AE71-4312-A8BE-46B3E2587664}.Release|Any CPU.Build.0 = Release|Any CPU
	EndGlobalSection
	GlobalSection(SolutionProperties) = preSolution
		HideSolutionNode = FALSE
	EndGlobalSection
	GlobalSection(ExtensibilityGlobals) = postSolution
		SolutionGuid = {4578ADC0-AA26-42E5-95D4-B826C3AEB617}
	EndGlobalSection
EndGlobal
