
Microsoft Visual Studio Solution File, Format Version 12.00
# Visual Studio Version 17
VisualStudioVersion = 17.4.33103.184
MinimumVisualStudioVersion = 10.0.40219.1
Project("{9A19103F-16F7-4668-BE54-9A1E7A4F7556}") = "Backend", "Backend\Backend.csproj", "{DD52303C-ED02-4234-8025-25A171523B88}"
EndProject
Project("{9A19103F-16F7-4668-BE54-9A1E7A4F7556}") = "Frontend", "Frontend\Frontend.csproj", "{ECE77724-71C6-4E73-B983-537641DFBFC5}"
EndProject
Project("{2150E333-8FDC-42A3-9474-1A3956D46DE8}") = "Onion", "Onion", "{292861F4-A733-4CF1-AE10-4F98A9EC163F}"
EndProject
Project("{2150E333-8FDC-42A3-9474-1A3956D46DE8}") = "Core", "Core", "{76251B3E-7FEA-41DE-82DC-BFE831DBD6F0}"
EndProject
Project("{2150E333-8FDC-42A3-9474-1A3956D46DE8}") = "Infrastructure", "Infrastructure", "{80396403-4C71-4CD5-972F-110AD4582789}"
EndProject
Project("{2150E333-8FDC-42A3-9474-1A3956D46DE8}") = "Presentation", "Presentation", "{F4581ADF-77B4-4E88-BBF6-4E810B661CF0}"
EndProject
Project("{9A19103F-16F7-4668-BE54-9A1E7A4F7556}") = "Onion.ApiConsume.Application", "Onion\Core\Onion.ApiConsume.Application\Onion.ApiConsume.Application.csproj", "{98DFE554-24DD-4662-ABD7-C367488E6C47}"
EndProject
Project("{9A19103F-16F7-4668-BE54-9A1E7A4F7556}") = "Onion.ApiConsume.Domain", "Onion\Core\Onion.ApiConsume.Domain\Onion.ApiConsume.Domain.csproj", "{FD6EA64F-C66F-4613-BDA3-FFE23F5EDA57}"
EndProject
Project("{9A19103F-16F7-4668-BE54-9A1E7A4F7556}") = "Onion.ApiConsume.Persistence", "Onion\Infrastructure\Onion.ApiConsume.Persistence\Onion.ApiConsume.Persistence.csproj", "{53281812-9BD0-4715-BCD9-C0CDA850D7F0}"
EndProject
Project("{9A19103F-16F7-4668-BE54-9A1E7A4F7556}") = "Onion.ApiConsume.API", "Onion\Presentation\Onion.ApiConsume.API\Onion.ApiConsume.API.csproj", "{31A3FABB-783B-4B7D-8BB3-3EC59132B4BD}"
EndProject
Global
	GlobalSection(SolutionConfigurationPlatforms) = preSolution
		Debug|Any CPU = Debug|Any CPU
		Release|Any CPU = Release|Any CPU
	EndGlobalSection
	GlobalSection(ProjectConfigurationPlatforms) = postSolution
		{DD52303C-ED02-4234-8025-25A171523B88}.Debug|Any CPU.ActiveCfg = Debug|Any CPU
		{DD52303C-ED02-4234-8025-25A171523B88}.Debug|Any CPU.Build.0 = Debug|Any CPU
		{DD52303C-ED02-4234-8025-25A171523B88}.Release|Any CPU.ActiveCfg = Release|Any CPU
		{DD52303C-ED02-4234-8025-25A171523B88}.Release|Any CPU.Build.0 = Release|Any CPU
		{ECE77724-71C6-4E73-B983-537641DFBFC5}.Debug|Any CPU.ActiveCfg = Debug|Any CPU
		{ECE77724-71C6-4E73-B983-537641DFBFC5}.Debug|Any CPU.Build.0 = Debug|Any CPU
		{ECE77724-71C6-4E73-B983-537641DFBFC5}.Release|Any CPU.ActiveCfg = Release|Any CPU
		{ECE77724-71C6-4E73-B983-537641DFBFC5}.Release|Any CPU.Build.0 = Release|Any CPU
		{98DFE554-24DD-4662-ABD7-C367488E6C47}.Debug|Any CPU.ActiveCfg = Debug|Any CPU
		{98DFE554-24DD-4662-ABD7-C367488E6C47}.Debug|Any CPU.Build.0 = Debug|Any CPU
		{98DFE554-24DD-4662-ABD7-C367488E6C47}.Release|Any CPU.ActiveCfg = Release|Any CPU
		{98DFE554-24DD-4662-ABD7-C367488E6C47}.Release|Any CPU.Build.0 = Release|Any CPU
		{FD6EA64F-C66F-4613-BDA3-FFE23F5EDA57}.Debug|Any CPU.ActiveCfg = Debug|Any CPU
		{FD6EA64F-C66F-4613-BDA3-FFE23F5EDA57}.Debug|Any CPU.Build.0 = Debug|Any CPU
		{FD6EA64F-C66F-4613-BDA3-FFE23F5EDA57}.Release|Any CPU.ActiveCfg = Release|Any CPU
		{FD6EA64F-C66F-4613-BDA3-FFE23F5EDA57}.Release|Any CPU.Build.0 = Release|Any CPU
		{53281812-9BD0-4715-BCD9-C0CDA850D7F0}.Debug|Any CPU.ActiveCfg = Debug|Any CPU
		{53281812-9BD0-4715-BCD9-C0CDA850D7F0}.Debug|Any CPU.Build.0 = Debug|Any CPU
		{53281812-9BD0-4715-BCD9-C0CDA850D7F0}.Release|Any CPU.ActiveCfg = Release|Any CPU
		{53281812-9BD0-4715-BCD9-C0CDA850D7F0}.Release|Any CPU.Build.0 = Release|Any CPU
		{31A3FABB-783B-4B7D-8BB3-3EC59132B4BD}.Debug|Any CPU.ActiveCfg = Debug|Any CPU
		{31A3FABB-783B-4B7D-8BB3-3EC59132B4BD}.Debug|Any CPU.Build.0 = Debug|Any CPU
		{31A3FABB-783B-4B7D-8BB3-3EC59132B4BD}.Release|Any CPU.ActiveCfg = Release|Any CPU
		{31A3FABB-783B-4B7D-8BB3-3EC59132B4BD}.Release|Any CPU.Build.0 = Release|Any CPU
	EndGlobalSection
	GlobalSection(SolutionProperties) = preSolution
		HideSolutionNode = FALSE
	EndGlobalSection
	GlobalSection(NestedProjects) = preSolution
		{76251B3E-7FEA-41DE-82DC-BFE831DBD6F0} = {292861F4-A733-4CF1-AE10-4F98A9EC163F}
		{80396403-4C71-4CD5-972F-110AD4582789} = {292861F4-A733-4CF1-AE10-4F98A9EC163F}
		{F4581ADF-77B4-4E88-BBF6-4E810B661CF0} = {292861F4-A733-4CF1-AE10-4F98A9EC163F}
		{98DFE554-24DD-4662-ABD7-C367488E6C47} = {76251B3E-7FEA-41DE-82DC-BFE831DBD6F0}
		{FD6EA64F-C66F-4613-BDA3-FFE23F5EDA57} = {76251B3E-7FEA-41DE-82DC-BFE831DBD6F0}
		{53281812-9BD0-4715-BCD9-C0CDA850D7F0} = {80396403-4C71-4CD5-972F-110AD4582789}
		{31A3FABB-783B-4B7D-8BB3-3EC59132B4BD} = {F4581ADF-77B4-4E88-BBF6-4E810B661CF0}
	EndGlobalSection
	GlobalSection(ExtensibilityGlobals) = postSolution
		SolutionGuid = {6C71A87C-1B83-41A3-878D-A7BB23220B0E}
	EndGlobalSection
EndGlobal
