
Microsoft Visual Studio Solution File, Format Version 12.00
# Visual Studio Version 17
VisualStudioVersion = 17.4.33103.184
MinimumVisualStudioVersion = 10.0.40219.1
Project("{FAE04EC0-301F-11D3-BF4B-00C04F79EFBC}") = "PersonalBlog", "PersonalBlog\PersonalBlog.csproj", "{84567C6F-DCCB-4B0E-A77B-C41A56332A2F}"
EndProject
Global
	GlobalSection(SolutionConfigurationPlatforms) = preSolution
		Debug|Any CPU = Debug|Any CPU
		Release|Any CPU = Release|Any CPU
	EndGlobalSection
	GlobalSection(ProjectConfigurationPlatforms) = postSolution
		{84567C6F-DCCB-4B0E-A77B-C41A56332A2F}.Debug|Any CPU.ActiveCfg = Debug|Any CPU
		{84567C6F-DCCB-4B0E-A77B-C41A56332A2F}.Debug|Any CPU.Build.0 = Debug|Any CPU
		{84567C6F-DCCB-4B0E-A77B-C41A56332A2F}.Release|Any CPU.ActiveCfg = Release|Any CPU
		{84567C6F-DCCB-4B0E-A77B-C41A56332A2F}.Release|Any CPU.Build.0 = Release|Any CPU
	EndGlobalSection
	GlobalSection(SolutionProperties) = preSolution
		HideSolutionNode = FALSE
	EndGlobalSection
	GlobalSection(ExtensibilityGlobals) = postSolution
		SolutionGuid = {ACCC4A38-DACC-4400-9725-EE086ABAED3A}
	EndGlobalSection
EndGlobal
