
Microsoft Visual Studio Solution File, Format Version 12.00
# Visual Studio Version 17
VisualStudioVersion = 17.4.33103.184
MinimumVisualStudioVersion = 10.0.40219.1
Project("{2150E333-8FDC-42A3-9474-1A3956D46DE8}") = "Services", "Services", "{41DF5450-5383-43C2-94CB-D227EB1A92C0}"
EndProject
Project("{2150E333-8FDC-42A3-9474-1A3956D46DE8}") = "Catalog", "Catalog", "{A17E22B7-D159-4F1A-A99A-5F65D6FFE528}"
EndProject
Project("{FAE04EC0-301F-11D3-BF4B-00C04F79EFBC}") = "UpSchoolEcommerce.Service.Catalog", "Service\Catalog\UpSchoolEcommerce.Service.Catalog\UpSchoolEcommerce.Service.Catalog.csproj", "{D8C6C957-9EA6-4B12-99DF-A70A5EDF103A}"
EndProject
Project("{2150E333-8FDC-42A3-9474-1A3956D46DE8}") = "SolutionItems", "SolutionItems", "{818249D7-C458-47A4-A6A8-FF29298C7AB2}"
	ProjectSection(SolutionItems) = preProject
		Port.txt = Port.txt
		ToDoList.txt = ToDoList.txt
	EndProjectSection
EndProject
Project("{2150E333-8FDC-42A3-9474-1A3956D46DE8}") = "Shared", "Shared", "{0BCB4A1D-F9AC-44C4-8BF9-2E0F3C1A5C13}"
EndProject
Project("{FAE04EC0-301F-11D3-BF4B-00C04F79EFBC}") = "UpSchoolEcommerce.Shared", "Shared\UpSchoolEcommerce.Shared\UpSchoolEcommerce.Shared.csproj", "{AA99B20C-EF47-471E-85C4-C5BC84C27BEE}"
EndProject
Global
	GlobalSection(SolutionConfigurationPlatforms) = preSolution
		Debug|Any CPU = Debug|Any CPU
		Release|Any CPU = Release|Any CPU
	EndGlobalSection
	GlobalSection(ProjectConfigurationPlatforms) = postSolution
		{D8C6C957-9EA6-4B12-99DF-A70A5EDF103A}.Debug|Any CPU.ActiveCfg = Debug|Any CPU
		{D8C6C957-9EA6-4B12-99DF-A70A5EDF103A}.Debug|Any CPU.Build.0 = Debug|Any CPU
		{D8C6C957-9EA6-4B12-99DF-A70A5EDF103A}.Release|Any CPU.ActiveCfg = Release|Any CPU
		{D8C6C957-9EA6-4B12-99DF-A70A5EDF103A}.Release|Any CPU.Build.0 = Release|Any CPU
		{AA99B20C-EF47-471E-85C4-C5BC84C27BEE}.Debug|Any CPU.ActiveCfg = Debug|Any CPU
		{AA99B20C-EF47-471E-85C4-C5BC84C27BEE}.Debug|Any CPU.Build.0 = Debug|Any CPU
		{AA99B20C-EF47-471E-85C4-C5BC84C27BEE}.Release|Any CPU.ActiveCfg = Release|Any CPU
		{AA99B20C-EF47-471E-85C4-C5BC84C27BEE}.Release|Any CPU.Build.0 = Release|Any CPU
	EndGlobalSection
	GlobalSection(SolutionProperties) = preSolution
		HideSolutionNode = FALSE
	EndGlobalSection
	GlobalSection(NestedProjects) = preSolution
		{A17E22B7-D159-4F1A-A99A-5F65D6FFE528} = {41DF5450-5383-43C2-94CB-D227EB1A92C0}
		{D8C6C957-9EA6-4B12-99DF-A70A5EDF103A} = {A17E22B7-D159-4F1A-A99A-5F65D6FFE528}
		{AA99B20C-EF47-471E-85C4-C5BC84C27BEE} = {0BCB4A1D-F9AC-44C4-8BF9-2E0F3C1A5C13}
	EndGlobalSection
	GlobalSection(ExtensibilityGlobals) = postSolution
		SolutionGuid = {02F00098-CE41-47DD-8D71-9D5891913B88}
	EndGlobalSection
EndGlobal
