
Microsoft Visual Studio Solution File, Format Version 12.00
# Visual Studio Version 17
VisualStudioVersion = 17.4.33103.184
MinimumVisualStudioVersion = 10.0.40219.1
Project("{2150E333-8FDC-42A3-9474-1A3956D46DE8}") = "Services", "Services", "{41DF5450-5383-43C2-94CB-D227EB1A92C0}"
EndProject
Project("{2150E333-8FDC-42A3-9474-1A3956D46DE8}") = "Catalog", "Catalog", "{A17E22B7-D159-4F1A-A99A-5F65D6FFE528}"
EndProject
Project("{9A19103F-16F7-4668-BE54-9A1E7A4F7556}") = "UpSchoolEcommerce.Service.Catalog", "Service\Catalog\UpSchoolEcommerce.Service.Catalog\UpSchoolEcommerce.Service.Catalog.csproj", "{D8C6C957-9EA6-4B12-99DF-A70A5EDF103A}"
EndProject
Project("{2150E333-8FDC-42A3-9474-1A3956D46DE8}") = "SolutionItems", "SolutionItems", "{818249D7-C458-47A4-A6A8-FF29298C7AB2}"
	ProjectSection(SolutionItems) = preProject
		Port.txt = Port.txt
		ToDoList.txt = ToDoList.txt
	EndProjectSection
EndProject
Project("{2150E333-8FDC-42A3-9474-1A3956D46DE8}") = "Shared", "Shared", "{0BCB4A1D-F9AC-44C4-8BF9-2E0F3C1A5C13}"
EndProject
Project("{9A19103F-16F7-4668-BE54-9A1E7A4F7556}") = "UpSchoolEcommerce.Shared", "Shared\UpSchoolEcommerce.Shared\UpSchoolEcommerce.Shared.csproj", "{AA99B20C-EF47-471E-85C4-C5BC84C27BEE}"
EndProject
Project("{2150E333-8FDC-42A3-9474-1A3956D46DE8}") = "IdentityServer", "IdentityServer", "{D8F0B6BB-5D7D-46AE-87EC-89507E0CE9CE}"
EndProject
Project("{9A19103F-16F7-4668-BE54-9A1E7A4F7556}") = "UpSchoolEcommerce.IdentityServer", "IdentityServer\UpSchoolEcommerce.IdentityServer\UpSchoolEcommerce.IdentityServer.csproj", "{ADF36B09-D13F-4CD0-B0F6-6F59386293A8}"
EndProject
Project("{2150E333-8FDC-42A3-9474-1A3956D46DE8}") = "Basket", "Basket", "{BA2675E6-7C88-42B1-9583-E1ACF36946E1}"
EndProject
Project("{FAE04EC0-301F-11D3-BF4B-00C04F79EFBC}") = "UpSchoolEcommerce.Service.Basket", "Service\Basket\UpSchoolEcommerce.Service.Basket\UpSchoolEcommerce.Service.Basket.csproj", "{A5B2EC5A-68E3-4742-9063-0463C814C709}"
EndProject
Project("{2150E333-8FDC-42A3-9474-1A3956D46DE8}") = "Discount", "Discount", "{BB19E476-93FB-4BD8-920F-F7A64B43E121}"
EndProject
Project("{FAE04EC0-301F-11D3-BF4B-00C04F79EFBC}") = "UpSchoolEcommerce.Service.Discount", "Service\Discount\UpSchoolEcommerce.Service.Discount\UpSchoolEcommerce.Service.Discount.csproj", "{C816740A-3E3C-451C-B284-5393E22C0738}"
EndProject
Project("{2150E333-8FDC-42A3-9474-1A3956D46DE8}") = "FakePayment", "FakePayment", "{51AA394E-9099-4B1A-A8CC-F5DE69233486}"
EndProject
Project("{FAE04EC0-301F-11D3-BF4B-00C04F79EFBC}") = "UpSchoolEcommerce.Service.FakePayment", "Service\FakePayment\UpSchoolEcommerce.Service.FakePayment\UpSchoolEcommerce.Service.FakePayment.csproj", "{778DDBFA-249D-4BF6-B716-1E2F254C5635}"
EndProject
Project("{2150E333-8FDC-42A3-9474-1A3956D46DE8}") = "Order", "Order", "{8FD2E392-A0D4-4B6D-93C5-755F678E4EE2}"
EndProject
Project("{FAE04EC0-301F-11D3-BF4B-00C04F79EFBC}") = "UpSchoolEcommerce.Service.Order.Api", "Service\Order\UpSchoolEcommerce.Service.Order.Api\UpSchoolEcommerce.Service.Order.Api.csproj", "{712FFEDB-A5E9-425A-9068-AFC22B25718E}"
EndProject
Project("{FAE04EC0-301F-11D3-BF4B-00C04F79EFBC}") = "UpSchoolEcommerce.Service.Order.Application", "Service\Order\UpSchoolEcommerce.Service.Order.Application\UpSchoolEcommerce.Service.Order.Application.csproj", "{41C33CC6-C12B-42C8-86D8-8C8F1342A834}"
EndProject
Project("{FAE04EC0-301F-11D3-BF4B-00C04F79EFBC}") = "UpSchoolEcommerce.Service.Order.Domain.Core", "Service\Order\UpSchoolEcommerce.Service.Order.Domain.Core\UpSchoolEcommerce.Service.Order.Domain.Core.csproj", "{82FC339D-5992-42A9-8911-27A690F42D0E}"
EndProject
Project("{FAE04EC0-301F-11D3-BF4B-00C04F79EFBC}") = "UpSchoolEcommerce.Service.Order.Domain", "Service\Order\UpSchoolEcommerce.Service.Order.Domain\UpSchoolEcommerce.Service.Order.Domain.csproj", "{27059038-71B2-4A56-8700-7C872EB7E23D}"
EndProject
Project("{FAE04EC0-301F-11D3-BF4B-00C04F79EFBC}") = "UpSchoolEcommerce.Service.Order.Infrastructure", "Service\Order\UpSchoolEcommerce.Service.Order.Infrastructure\UpSchoolEcommerce.Service.Order.Infrastructure.csproj", "{FCEE2129-2A9B-44F7-9ED6-96C1AE38558C}"
EndProject
Project("{2150E333-8FDC-42A3-9474-1A3956D46DE8}") = "PhotoStock", "PhotoStock", "{E2C85FA8-1215-4D33-86B8-9BFCEA86E5AB}"
EndProject
Project("{FAE04EC0-301F-11D3-BF4B-00C04F79EFBC}") = "UpSchoolEcommerce.Service.PhotoStock", "Service\PhotoStock\UpSchoolEcommerce.Service.PhotoStock\UpSchoolEcommerce.Service.PhotoStock.csproj", "{69A38986-B76F-4282-9E7F-23127D9B9CF5}"
EndProject
Global
	GlobalSection(SolutionConfigurationPlatforms) = preSolution
		Debug|Any CPU = Debug|Any CPU
		Release|Any CPU = Release|Any CPU
	EndGlobalSection
	GlobalSection(ProjectConfigurationPlatforms) = postSolution
		{D8C6C957-9EA6-4B12-99DF-A70A5EDF103A}.Debug|Any CPU.ActiveCfg = Debug|Any CPU
		{D8C6C957-9EA6-4B12-99DF-A70A5EDF103A}.Debug|Any CPU.Build.0 = Debug|Any CPU
		{D8C6C957-9EA6-4B12-99DF-A70A5EDF103A}.Release|Any CPU.ActiveCfg = Release|Any CPU
		{D8C6C957-9EA6-4B12-99DF-A70A5EDF103A}.Release|Any CPU.Build.0 = Release|Any CPU
		{AA99B20C-EF47-471E-85C4-C5BC84C27BEE}.Debug|Any CPU.ActiveCfg = Debug|Any CPU
		{AA99B20C-EF47-471E-85C4-C5BC84C27BEE}.Debug|Any CPU.Build.0 = Debug|Any CPU
		{AA99B20C-EF47-471E-85C4-C5BC84C27BEE}.Release|Any CPU.ActiveCfg = Release|Any CPU
		{AA99B20C-EF47-471E-85C4-C5BC84C27BEE}.Release|Any CPU.Build.0 = Release|Any CPU
		{ADF36B09-D13F-4CD0-B0F6-6F59386293A8}.Debug|Any CPU.ActiveCfg = Debug|Any CPU
		{ADF36B09-D13F-4CD0-B0F6-6F59386293A8}.Debug|Any CPU.Build.0 = Debug|Any CPU
		{ADF36B09-D13F-4CD0-B0F6-6F59386293A8}.Release|Any CPU.ActiveCfg = Release|Any CPU
		{ADF36B09-D13F-4CD0-B0F6-6F59386293A8}.Release|Any CPU.Build.0 = Release|Any CPU
		{A5B2EC5A-68E3-4742-9063-0463C814C709}.Debug|Any CPU.ActiveCfg = Debug|Any CPU
		{A5B2EC5A-68E3-4742-9063-0463C814C709}.Debug|Any CPU.Build.0 = Debug|Any CPU
		{A5B2EC5A-68E3-4742-9063-0463C814C709}.Release|Any CPU.ActiveCfg = Release|Any CPU
		{A5B2EC5A-68E3-4742-9063-0463C814C709}.Release|Any CPU.Build.0 = Release|Any CPU
		{C816740A-3E3C-451C-B284-5393E22C0738}.Debug|Any CPU.ActiveCfg = Debug|Any CPU
		{C816740A-3E3C-451C-B284-5393E22C0738}.Debug|Any CPU.Build.0 = Debug|Any CPU
		{C816740A-3E3C-451C-B284-5393E22C0738}.Release|Any CPU.ActiveCfg = Release|Any CPU
		{C816740A-3E3C-451C-B284-5393E22C0738}.Release|Any CPU.Build.0 = Release|Any CPU
		{778DDBFA-249D-4BF6-B716-1E2F254C5635}.Debug|Any CPU.ActiveCfg = Debug|Any CPU
		{778DDBFA-249D-4BF6-B716-1E2F254C5635}.Debug|Any CPU.Build.0 = Debug|Any CPU
		{778DDBFA-249D-4BF6-B716-1E2F254C5635}.Release|Any CPU.ActiveCfg = Release|Any CPU
		{778DDBFA-249D-4BF6-B716-1E2F254C5635}.Release|Any CPU.Build.0 = Release|Any CPU
		{712FFEDB-A5E9-425A-9068-AFC22B25718E}.Debug|Any CPU.ActiveCfg = Debug|Any CPU
		{712FFEDB-A5E9-425A-9068-AFC22B25718E}.Debug|Any CPU.Build.0 = Debug|Any CPU
		{712FFEDB-A5E9-425A-9068-AFC22B25718E}.Release|Any CPU.ActiveCfg = Release|Any CPU
		{712FFEDB-A5E9-425A-9068-AFC22B25718E}.Release|Any CPU.Build.0 = Release|Any CPU
		{41C33CC6-C12B-42C8-86D8-8C8F1342A834}.Debug|Any CPU.ActiveCfg = Debug|Any CPU
		{41C33CC6-C12B-42C8-86D8-8C8F1342A834}.Debug|Any CPU.Build.0 = Debug|Any CPU
		{41C33CC6-C12B-42C8-86D8-8C8F1342A834}.Release|Any CPU.ActiveCfg = Release|Any CPU
		{41C33CC6-C12B-42C8-86D8-8C8F1342A834}.Release|Any CPU.Build.0 = Release|Any CPU
		{82FC339D-5992-42A9-8911-27A690F42D0E}.Debug|Any CPU.ActiveCfg = Debug|Any CPU
		{82FC339D-5992-42A9-8911-27A690F42D0E}.Debug|Any CPU.Build.0 = Debug|Any CPU
		{82FC339D-5992-42A9-8911-27A690F42D0E}.Release|Any CPU.ActiveCfg = Release|Any CPU
		{82FC339D-5992-42A9-8911-27A690F42D0E}.Release|Any CPU.Build.0 = Release|Any CPU
		{27059038-71B2-4A56-8700-7C872EB7E23D}.Debug|Any CPU.ActiveCfg = Debug|Any CPU
		{27059038-71B2-4A56-8700-7C872EB7E23D}.Debug|Any CPU.Build.0 = Debug|Any CPU
		{27059038-71B2-4A56-8700-7C872EB7E23D}.Release|Any CPU.ActiveCfg = Release|Any CPU
		{27059038-71B2-4A56-8700-7C872EB7E23D}.Release|Any CPU.Build.0 = Release|Any CPU
		{FCEE2129-2A9B-44F7-9ED6-96C1AE38558C}.Debug|Any CPU.ActiveCfg = Debug|Any CPU
		{FCEE2129-2A9B-44F7-9ED6-96C1AE38558C}.Debug|Any CPU.Build.0 = Debug|Any CPU
		{FCEE2129-2A9B-44F7-9ED6-96C1AE38558C}.Release|Any CPU.ActiveCfg = Release|Any CPU
		{FCEE2129-2A9B-44F7-9ED6-96C1AE38558C}.Release|Any CPU.Build.0 = Release|Any CPU
		{69A38986-B76F-4282-9E7F-23127D9B9CF5}.Debug|Any CPU.ActiveCfg = Debug|Any CPU
		{69A38986-B76F-4282-9E7F-23127D9B9CF5}.Debug|Any CPU.Build.0 = Debug|Any CPU
		{69A38986-B76F-4282-9E7F-23127D9B9CF5}.Release|Any CPU.ActiveCfg = Release|Any CPU
		{69A38986-B76F-4282-9E7F-23127D9B9CF5}.Release|Any CPU.Build.0 = Release|Any CPU
	EndGlobalSection
	GlobalSection(SolutionProperties) = preSolution
		HideSolutionNode = FALSE
	EndGlobalSection
	GlobalSection(NestedProjects) = preSolution
		{A17E22B7-D159-4F1A-A99A-5F65D6FFE528} = {41DF5450-5383-43C2-94CB-D227EB1A92C0}
		{D8C6C957-9EA6-4B12-99DF-A70A5EDF103A} = {A17E22B7-D159-4F1A-A99A-5F65D6FFE528}
		{AA99B20C-EF47-471E-85C4-C5BC84C27BEE} = {0BCB4A1D-F9AC-44C4-8BF9-2E0F3C1A5C13}
		{ADF36B09-D13F-4CD0-B0F6-6F59386293A8} = {D8F0B6BB-5D7D-46AE-87EC-89507E0CE9CE}
		{BA2675E6-7C88-42B1-9583-E1ACF36946E1} = {41DF5450-5383-43C2-94CB-D227EB1A92C0}
		{A5B2EC5A-68E3-4742-9063-0463C814C709} = {BA2675E6-7C88-42B1-9583-E1ACF36946E1}
		{BB19E476-93FB-4BD8-920F-F7A64B43E121} = {41DF5450-5383-43C2-94CB-D227EB1A92C0}
		{C816740A-3E3C-451C-B284-5393E22C0738} = {BB19E476-93FB-4BD8-920F-F7A64B43E121}
		{51AA394E-9099-4B1A-A8CC-F5DE69233486} = {41DF5450-5383-43C2-94CB-D227EB1A92C0}
		{778DDBFA-249D-4BF6-B716-1E2F254C5635} = {51AA394E-9099-4B1A-A8CC-F5DE69233486}
		{8FD2E392-A0D4-4B6D-93C5-755F678E4EE2} = {41DF5450-5383-43C2-94CB-D227EB1A92C0}
		{712FFEDB-A5E9-425A-9068-AFC22B25718E} = {8FD2E392-A0D4-4B6D-93C5-755F678E4EE2}
		{41C33CC6-C12B-42C8-86D8-8C8F1342A834} = {8FD2E392-A0D4-4B6D-93C5-755F678E4EE2}
		{82FC339D-5992-42A9-8911-27A690F42D0E} = {8FD2E392-A0D4-4B6D-93C5-755F678E4EE2}
		{27059038-71B2-4A56-8700-7C872EB7E23D} = {8FD2E392-A0D4-4B6D-93C5-755F678E4EE2}
		{FCEE2129-2A9B-44F7-9ED6-96C1AE38558C} = {8FD2E392-A0D4-4B6D-93C5-755F678E4EE2}
		{E2C85FA8-1215-4D33-86B8-9BFCEA86E5AB} = {41DF5450-5383-43C2-94CB-D227EB1A92C0}
		{69A38986-B76F-4282-9E7F-23127D9B9CF5} = {E2C85FA8-1215-4D33-86B8-9BFCEA86E5AB}
	EndGlobalSection
	GlobalSection(ExtensibilityGlobals) = postSolution
		SolutionGuid = {02F00098-CE41-47DD-8D71-9D5891913B88}
	EndGlobalSection
EndGlobal
